
Microsoft Visual Studio Solution File, Format Version 12.00
# Visual Studio 15
VisualStudioVersion = 15.0.28307.572
MinimumVisualStudioVersion = 10.0.40219.1
Project("{FAE04EC0-301F-11D3-BF4B-00C04F79EFBC}") = "Supermarket", "Supermarket.csproj", "{DBE068C5-45D6-4CFE-B7D3-E0FAC9C4ABC5}"
EndProject
Global
	GlobalSection(SolutionConfigurationPlatforms) = preSolution
		Debug|Any CPU = Debug|Any CPU
		Release|Any CPU = Release|Any CPU
	EndGlobalSection
	GlobalSection(ProjectConfigurationPlatforms) = postSolution
		{DBE068C5-45D6-4CFE-B7D3-E0FAC9C4ABC5}.Debug|Any CPU.ActiveCfg = Debug|Any CPU
		{DBE068C5-45D6-4CFE-B7D3-E0FAC9C4ABC5}.Debug|Any CPU.Build.0 = Debug|Any CPU
		{DBE068C5-45D6-4CFE-B7D3-E0FAC9C4ABC5}.Release|Any CPU.ActiveCfg = Release|Any CPU
		{DBE068C5-45D6-4CFE-B7D3-E0FAC9C4ABC5}.Release|Any CPU.Build.0 = Release|Any CPU
	EndGlobalSection
	GlobalSection(SolutionProperties) = preSolution
		HideSolutionNode = FALSE
	EndGlobalSection
	GlobalSection(ExtensibilityGlobals) = postSolution
		SolutionGuid = {FDFFD30E-3785-46F5-9CC8-FAD13877635E}
	EndGlobalSection
EndGlobal
